
Microsoft Visual Studio Solution File, Format Version 12.00
# Visual Studio Version 16
VisualStudioVersion = 16.0.32630.194
MinimumVisualStudioVersion = 10.0.40219.1
Project("{FAE04EC0-301F-11D3-BF4B-00C04F79EFBC}") = "GSB_SINS", "GSB_SINS\GSB_SINS.csproj", "{B52AE13C-6AA4-4DF2-8453-46A1314622FE}"
EndProject
Global
	GlobalSection(SolutionConfigurationPlatforms) = preSolution
		Debug|Any CPU = Debug|Any CPU
		Release|Any CPU = Release|Any CPU
	EndGlobalSection
	GlobalSection(ProjectConfigurationPlatforms) = postSolution
		{B52AE13C-6AA4-4DF2-8453-46A1314622FE}.Debug|Any CPU.ActiveCfg = Debug|Any CPU
		{B52AE13C-6AA4-4DF2-8453-46A1314622FE}.Debug|Any CPU.Build.0 = Debug|Any CPU
		{B52AE13C-6AA4-4DF2-8453-46A1314622FE}.Release|Any CPU.ActiveCfg = Release|Any CPU
		{B52AE13C-6AA4-4DF2-8453-46A1314622FE}.Release|Any CPU.Build.0 = Release|Any CPU
	EndGlobalSection
	GlobalSection(SolutionProperties) = preSolution
		HideSolutionNode = FALSE
	EndGlobalSection
	GlobalSection(ExtensibilityGlobals) = postSolution
		SolutionGuid = {9BC8B161-2485-4C86-A208-210630964592}
	EndGlobalSection
EndGlobal
